
Microsoft Visual Studio Solution File, Format Version 12.00
Project("{2150E333-8FDC-42A3-9474-1A3956D46DE8}") = "src", "src", "{7E05AD0D-EB80-4BB3-A4C7-233272D1375B}"
EndProject
Project("{FAE04EC0-301F-11D3-BF4B-00C04F79EFBC}") = "CodeGenerator", "src\CodeGenerator\CodeGenerator.csproj", "{833FC282-ECA8-493E-81D5-07C743B60DC1}"
EndProject
Project("{FAE04EC0-301F-11D3-BF4B-00C04F79EFBC}") = "PlutoNET", "src\PlutoNET\PlutoNET.csproj", "{B7471255-4E8C-4CC2-AC47-547B5283F5AE}"
EndProject
Project("{2150E333-8FDC-42A3-9474-1A3956D46DE8}") = "tests", "tests", "{149C45E7-6AF1-4EE5-A353-4E6AA58B2738}"
EndProject
Project("{FAE04EC0-301F-11D3-BF4B-00C04F79EFBC}") = "PlutoNET.UnitTests", "tests\PlutoNET.UnitTests\PlutoNET.UnitTests.csproj", "{A6CD40E6-8CA3-414F-97EC-F5E328F31737}"
EndProject
Project("{2150E333-8FDC-42A3-9474-1A3956D46DE8}") = "samples", "samples", "{FBBD7E32-871B-4D54-8A41-C2C378F55D64}"
EndProject
Project("{FAE04EC0-301F-11D3-BF4B-00C04F79EFBC}") = "LuaSample", "samples\LuaSample\LuaSample.csproj", "{157F7004-74C8-4B6B-A380-99D12F705A74}"
EndProject
Global
	GlobalSection(SolutionConfigurationPlatforms) = preSolution
		Debug|Any CPU = Debug|Any CPU
		Release|Any CPU = Release|Any CPU
	EndGlobalSection
	GlobalSection(NestedProjects) = preSolution
		{833FC282-ECA8-493E-81D5-07C743B60DC1} = {7E05AD0D-EB80-4BB3-A4C7-233272D1375B}
		{B7471255-4E8C-4CC2-AC47-547B5283F5AE} = {7E05AD0D-EB80-4BB3-A4C7-233272D1375B}
		{A6CD40E6-8CA3-414F-97EC-F5E328F31737} = {149C45E7-6AF1-4EE5-A353-4E6AA58B2738}
		{157F7004-74C8-4B6B-A380-99D12F705A74} = {FBBD7E32-871B-4D54-8A41-C2C378F55D64}
	EndGlobalSection
	GlobalSection(ProjectConfigurationPlatforms) = postSolution
		{833FC282-ECA8-493E-81D5-07C743B60DC1}.Debug|Any CPU.ActiveCfg = Debug|Any CPU
		{833FC282-ECA8-493E-81D5-07C743B60DC1}.Debug|Any CPU.Build.0 = Debug|Any CPU
		{B7471255-4E8C-4CC2-AC47-547B5283F5AE}.Debug|Any CPU.ActiveCfg = Debug|Any CPU
		{B7471255-4E8C-4CC2-AC47-547B5283F5AE}.Debug|Any CPU.Build.0 = Debug|Any CPU
		{B7471255-4E8C-4CC2-AC47-547B5283F5AE}.Release|Any CPU.ActiveCfg = Release|Any CPU
		{B7471255-4E8C-4CC2-AC47-547B5283F5AE}.Release|Any CPU.Build.0 = Release|Any CPU
		{A6CD40E6-8CA3-414F-97EC-F5E328F31737}.Debug|Any CPU.ActiveCfg = Debug|Any CPU
		{A6CD40E6-8CA3-414F-97EC-F5E328F31737}.Debug|Any CPU.Build.0 = Debug|Any CPU
		{A6CD40E6-8CA3-414F-97EC-F5E328F31737}.Release|Any CPU.ActiveCfg = Release|Any CPU
		{A6CD40E6-8CA3-414F-97EC-F5E328F31737}.Release|Any CPU.Build.0 = Release|Any CPU
		{157F7004-74C8-4B6B-A380-99D12F705A74}.Debug|Any CPU.ActiveCfg = Debug|Any CPU
		{157F7004-74C8-4B6B-A380-99D12F705A74}.Debug|Any CPU.Build.0 = Debug|Any CPU
		{157F7004-74C8-4B6B-A380-99D12F705A74}.Release|Any CPU.ActiveCfg = Release|Any CPU
		{157F7004-74C8-4B6B-A380-99D12F705A74}.Release|Any CPU.Build.0 = Release|Any CPU
	EndGlobalSection
EndGlobal
